
Microsoft Visual Studio Solution File, Format Version 12.00
# Visual Studio Version 17
VisualStudioVersion = 17.9.34728.123
MinimumVisualStudioVersion = 10.0.40219.1
Project("{9A19103F-16F7-4668-BE54-9A1E7A4F7556}") = "Authentication", "Authentication\Authentication.csproj", "{BBFD11A8-F958-4E6F-AE28-7E12A39A58B6}"
EndProject
Global
	GlobalSection(SolutionConfigurationPlatforms) = preSolution
		Debug|Any CPU = Debug|Any CPU
		Release|Any CPU = Release|Any CPU
	EndGlobalSection
	GlobalSection(ProjectConfigurationPlatforms) = postSolution
		{BBFD11A8-F958-4E6F-AE28-7E12A39A58B6}.Debug|Any CPU.ActiveCfg = Debug|Any CPU
		{BBFD11A8-F958-4E6F-AE28-7E12A39A58B6}.Debug|Any CPU.Build.0 = Debug|Any CPU
		{BBFD11A8-F958-4E6F-AE28-7E12A39A58B6}.Release|Any CPU.ActiveCfg = Release|Any CPU
		{BBFD11A8-F958-4E6F-AE28-7E12A39A58B6}.Release|Any CPU.Build.0 = Release|Any CPU
	EndGlobalSection
	GlobalSection(SolutionProperties) = preSolution
		HideSolutionNode = FALSE
	EndGlobalSection
	GlobalSection(ExtensibilityGlobals) = postSolution
		SolutionGuid = {429438D9-CE27-4016-8A71-64FDA239FDDC}
	EndGlobalSection
EndGlobal
